// !$*UTF8*$!
{
	archiveVersion = 1;
	classes = {
	};
	objectVersion = 46;
	objects = {

/* Begin PBXBuildFile section */
		20091DF21F482C3C0013DBAA /* ShowCarsTableViewController.swift in Sources */ = {isa = PBXBuildFile; fileRef = 20091DF11F482C3C0013DBAA /* ShowCarsTableViewController.swift */; };
		20091DF51F482FF10013DBAA /* ShowCarsTableViewCell.swift in Sources */ = {isa = PBXBuildFile; fileRef = 20091DF31F482FF10013DBAA /* ShowCarsTableViewCell.swift */; };
		20091DF61F482FF10013DBAA /* ShowCarsTableViewCell.xib in Resources */ = {isa = PBXBuildFile; fileRef = 20091DF41F482FF10013DBAA /* ShowCarsTableViewCell.xib */; };
		200F51BE1F4195D5002EB1EC /* AppDelegate.swift in Sources */ = {isa = PBXBuildFile; fileRef = 200F51BD1F4195D5002EB1EC /* AppDelegate.swift */; };
		200F51C31F4195D5002EB1EC /* Main.storyboard in Resources */ = {isa = PBXBuildFile; fileRef = 200F51C11F4195D5002EB1EC /* Main.storyboard */; };
		200F51C51F4195D5002EB1EC /* Assets.xcassets in Resources */ = {isa = PBXBuildFile; fileRef = 200F51C41F4195D5002EB1EC /* Assets.xcassets */; };
		200F51C81F4195D5002EB1EC /* LaunchScreen.storyboard in Resources */ = {isa = PBXBuildFile; fileRef = 200F51C61F4195D5002EB1EC /* LaunchScreen.storyboard */; };
		2063FEE61F49897B00921104 /* ProfileInfoTableViewCell.swift in Sources */ = {isa = PBXBuildFile; fileRef = 2063FEE41F49897B00921104 /* ProfileInfoTableViewCell.swift */; };
		2063FEE71F49897B00921104 /* ProfileInfoTableViewCell.xib in Resources */ = {isa = PBXBuildFile; fileRef = 2063FEE51F49897B00921104 /* ProfileInfoTableViewCell.xib */; };
		2063FEEA1F49899700921104 /* AddUserCarsRowTableViewCell.swift in Sources */ = {isa = PBXBuildFile; fileRef = 2063FEE81F49899700921104 /* AddUserCarsRowTableViewCell.swift */; };
		2063FEEB1F49899700921104 /* AddUserCarsRowTableViewCell.xib in Resources */ = {isa = PBXBuildFile; fileRef = 2063FEE91F49899700921104 /* AddUserCarsRowTableViewCell.xib */; };
		206F9E501F419AD000162707 /* DatabaseManger.swift in Sources */ = {isa = PBXBuildFile; fileRef = 206F9E4F1F419AD000162707 /* DatabaseManger.swift */; };
		206F9E541F42DD1D00162707 /* AutoUser.swift in Sources */ = {isa = PBXBuildFile; fileRef = 206F9E531F42DD1D00162707 /* AutoUser.swift */; };
		206F9E561F42F16F00162707 /* AutoUsersViewController.swift in Sources */ = {isa = PBXBuildFile; fileRef = 206F9E551F42F16F00162707 /* AutoUsersViewController.swift */; };
		206F9E5A1F42F80700162707 /* AutoUsersTableViewCell.swift in Sources */ = {isa = PBXBuildFile; fileRef = 206F9E581F42F80700162707 /* AutoUsersTableViewCell.swift */; };
		206F9E5B1F42F80700162707 /* AutoUsersTableViewCell.xib in Resources */ = {isa = PBXBuildFile; fileRef = 206F9E591F42F80700162707 /* AutoUsersTableViewCell.xib */; };
		206F9E5F1F442F1D00162707 /* NewUserTableViewController.swift in Sources */ = {isa = PBXBuildFile; fileRef = 206F9E5E1F442F1D00162707 /* NewUserTableViewController.swift */; };
		206F9E621F4446F400162707 /* AlertMethods.swift in Sources */ = {isa = PBXBuildFile; fileRef = 206F9E611F4446F400162707 /* AlertMethods.swift */; };
		206F9E641F444C4C00162707 /* CarsViewController.swift in Sources */ = {isa = PBXBuildFile; fileRef = 206F9E631F444C4C00162707 /* CarsViewController.swift */; };
		208FDFB81F458F0400F9E298 /* Car.swift in Sources */ = {isa = PBXBuildFile; fileRef = 208FDFB71F458F0400F9E298 /* Car.swift */; };
		208FDFBB1F45991C00F9E298 /* CarTableViewCell.swift in Sources */ = {isa = PBXBuildFile; fileRef = 208FDFB91F45991C00F9E298 /* CarTableViewCell.swift */; };
		208FDFBC1F45991C00F9E298 /* CarTableViewCell.xib in Resources */ = {isa = PBXBuildFile; fileRef = 208FDFBA1F45991C00F9E298 /* CarTableViewCell.xib */; };
		56557DB54887ED80DD5B51A1 /* Pods_Auto_Application.framework in Frameworks */ = {isa = PBXBuildFile; fileRef = C70C7BE87D700C7597E62D5E /* Pods_Auto_Application.framework */; };
/* End PBXBuildFile section */

/* Begin PBXFileReference section */
		20091DF11F482C3C0013DBAA /* ShowCarsTableViewController.swift */ = {isa = PBXFileReference; fileEncoding = 4; lastKnownFileType = sourcecode.swift; path = ShowCarsTableViewController.swift; sourceTree = "<group>"; };
		20091DF31F482FF10013DBAA /* ShowCarsTableViewCell.swift */ = {isa = PBXFileReference; fileEncoding = 4; lastKnownFileType = sourcecode.swift; path = ShowCarsTableViewCell.swift; sourceTree = "<group>"; };
		20091DF41F482FF10013DBAA /* ShowCarsTableViewCell.xib */ = {isa = PBXFileReference; fileEncoding = 4; lastKnownFileType = file.xib; path = ShowCarsTableViewCell.xib; sourceTree = "<group>"; };
		200F51BA1F4195D5002EB1EC /* Auto-Application.app */ = {isa = PBXFileReference; explicitFileType = wrapper.application; includeInIndex = 0; path = "Auto-Application.app"; sourceTree = BUILT_PRODUCTS_DIR; };
		200F51BD1F4195D5002EB1EC /* AppDelegate.swift */ = {isa = PBXFileReference; lastKnownFileType = sourcecode.swift; path = AppDelegate.swift; sourceTree = "<group>"; };
		200F51C21F4195D5002EB1EC /* Base */ = {isa = PBXFileReference; lastKnownFileType = file.storyboard; name = Base; path = Base.lproj/Main.storyboard; sourceTree = "<group>"; };
		200F51C41F4195D5002EB1EC /* Assets.xcassets */ = {isa = PBXFileReference; lastKnownFileType = folder.assetcatalog; path = Assets.xcassets; sourceTree = "<group>"; };
		200F51C71F4195D5002EB1EC /* Base */ = {isa = PBXFileReference; lastKnownFileType = file.storyboard; name = Base; path = Base.lproj/LaunchScreen.storyboard; sourceTree = "<group>"; };
		200F51C91F4195D5002EB1EC /* Info.plist */ = {isa = PBXFileReference; lastKnownFileType = text.plist.xml; path = Info.plist; sourceTree = "<group>"; };
		2063FEE41F49897B00921104 /* ProfileInfoTableViewCell.swift */ = {isa = PBXFileReference; fileEncoding = 4; lastKnownFileType = sourcecode.swift; path = ProfileInfoTableViewCell.swift; sourceTree = "<group>"; };
		2063FEE51F49897B00921104 /* ProfileInfoTableViewCell.xib */ = {isa = PBXFileReference; fileEncoding = 4; lastKnownFileType = file.xib; path = ProfileInfoTableViewCell.xib; sourceTree = "<group>"; };
		2063FEE81F49899700921104 /* AddUserCarsRowTableViewCell.swift */ = {isa = PBXFileReference; fileEncoding = 4; lastKnownFileType = sourcecode.swift; path = AddUserCarsRowTableViewCell.swift; sourceTree = "<group>"; };
		2063FEE91F49899700921104 /* AddUserCarsRowTableViewCell.xib */ = {isa = PBXFileReference; fileEncoding = 4; lastKnownFileType = file.xib; path = AddUserCarsRowTableViewCell.xib; sourceTree = "<group>"; };
		206F9E4F1F419AD000162707 /* DatabaseManger.swift */ = {isa = PBXFileReference; fileEncoding = 4; lastKnownFileType = sourcecode.swift; path = DatabaseManger.swift; sourceTree = "<group>"; };
		206F9E531F42DD1D00162707 /* AutoUser.swift */ = {isa = PBXFileReference; fileEncoding = 4; lastKnownFileType = sourcecode.swift; path = AutoUser.swift; sourceTree = "<group>"; };
		206F9E551F42F16F00162707 /* AutoUsersViewController.swift */ = {isa = PBXFileReference; fileEncoding = 4; lastKnownFileType = sourcecode.swift; path = AutoUsersViewController.swift; sourceTree = "<group>"; };
		206F9E581F42F80700162707 /* AutoUsersTableViewCell.swift */ = {isa = PBXFileReference; fileEncoding = 4; lastKnownFileType = sourcecode.swift; path = AutoUsersTableViewCell.swift; sourceTree = "<group>"; };
		206F9E591F42F80700162707 /* AutoUsersTableViewCell.xib */ = {isa = PBXFileReference; fileEncoding = 4; lastKnownFileType = file.xib; path = AutoUsersTableViewCell.xib; sourceTree = "<group>"; };
		206F9E5E1F442F1D00162707 /* NewUserTableViewController.swift */ = {isa = PBXFileReference; fileEncoding = 4; lastKnownFileType = sourcecode.swift; path = NewUserTableViewController.swift; sourceTree = "<group>"; };
		206F9E611F4446F400162707 /* AlertMethods.swift */ = {isa = PBXFileReference; fileEncoding = 4; lastKnownFileType = sourcecode.swift; path = AlertMethods.swift; sourceTree = "<group>"; };
		206F9E631F444C4C00162707 /* CarsViewController.swift */ = {isa = PBXFileReference; fileEncoding = 4; lastKnownFileType = sourcecode.swift; path = CarsViewController.swift; sourceTree = "<group>"; };
		208FDFB71F458F0400F9E298 /* Car.swift */ = {isa = PBXFileReference; fileEncoding = 4; lastKnownFileType = sourcecode.swift; path = Car.swift; sourceTree = "<group>"; };
		208FDFB91F45991C00F9E298 /* CarTableViewCell.swift */ = {isa = PBXFileReference; fileEncoding = 4; lastKnownFileType = sourcecode.swift; path = CarTableViewCell.swift; sourceTree = "<group>"; };
		208FDFBA1F45991C00F9E298 /* CarTableViewCell.xib */ = {isa = PBXFileReference; fileEncoding = 4; lastKnownFileType = file.xib; path = CarTableViewCell.xib; sourceTree = "<group>"; };
		24517120976C4F32B2575F56 /* Pods-Auto-Application.debug.xcconfig */ = {isa = PBXFileReference; includeInIndex = 1; lastKnownFileType = text.xcconfig; name = "Pods-Auto-Application.debug.xcconfig"; path = "Pods/Target Support Files/Pods-Auto-Application/Pods-Auto-Application.debug.xcconfig"; sourceTree = "<group>"; };
		B6A3F4B336F3B47FF267F2F0 /* Pods-Auto-Application.release.xcconfig */ = {isa = PBXFileReference; includeInIndex = 1; lastKnownFileType = text.xcconfig; name = "Pods-Auto-Application.release.xcconfig"; path = "Pods/Target Support Files/Pods-Auto-Application/Pods-Auto-Application.release.xcconfig"; sourceTree = "<group>"; };
		C70C7BE87D700C7597E62D5E /* Pods_Auto_Application.framework */ = {isa = PBXFileReference; explicitFileType = wrapper.framework; includeInIndex = 0; path = Pods_Auto_Application.framework; sourceTree = BUILT_PRODUCTS_DIR; };
/* End PBXFileReference section */

/* Begin PBXFrameworksBuildPhase section */
		200F51B71F4195D5002EB1EC /* Frameworks */ = {
			isa = PBXFrameworksBuildPhase;
			buildActionMask = 2147483647;
			files = (
				56557DB54887ED80DD5B51A1 /* Pods_Auto_Application.framework in Frameworks */,
			);
			runOnlyForDeploymentPostprocessing = 0;
		};
/* End PBXFrameworksBuildPhase section */

/* Begin PBXGroup section */
		200F51B11F4195D5002EB1EC = {
			isa = PBXGroup;
			children = (
				200F51BC1F4195D5002EB1EC /* Auto-Application */,
				200F51BB1F4195D5002EB1EC /* Products */,
				EB8A3FC150315A9D40482BF3 /* Pods */,
				F57350A6BCC86F36BE31D18A /* Frameworks */,
			);
			sourceTree = "<group>";
		};
		200F51BB1F4195D5002EB1EC /* Products */ = {
			isa = PBXGroup;
			children = (
				200F51BA1F4195D5002EB1EC /* Auto-Application.app */,
			);
			name = Products;
			sourceTree = "<group>";
		};
		200F51BC1F4195D5002EB1EC /* Auto-Application */ = {
			isa = PBXGroup;
			children = (
				206F9E601F4446C700162707 /* Helped Methods */,
				206F9E4D1F41998400162707 /* SQLDatabase */,
				206F9E4C1F41997B00162707 /* Controller */,
				206F9E4B1F41997500162707 /* Model */,
				206F9E491F41995900162707 /* View */,
				206F9E481F41994900162707 /* Supporting Files */,
			);
			path = "Auto-Application";
			sourceTree = "<group>";
		};
		206F9E481F41994900162707 /* Supporting Files */ = {
			isa = PBXGroup;
			children = (
				200F51BD1F4195D5002EB1EC /* AppDelegate.swift */,
				200F51C41F4195D5002EB1EC /* Assets.xcassets */,
				200F51C61F4195D5002EB1EC /* LaunchScreen.storyboard */,
				200F51C91F4195D5002EB1EC /* Info.plist */,
			);
			name = "Supporting Files";
			sourceTree = "<group>";
		};
		206F9E491F41995900162707 /* View */ = {
			isa = PBXGroup;
			children = (
				206F9E571F42F7E800162707 /* Cell */,
				206F9E4A1F41995E00162707 /* Storyboards */,
			);
			name = View;
			sourceTree = "<group>";
		};
		206F9E4A1F41995E00162707 /* Storyboards */ = {
			isa = PBXGroup;
			children = (
				200F51C11F4195D5002EB1EC /* Main.storyboard */,
			);
			name = Storyboards;
			sourceTree = "<group>";
		};
		206F9E4B1F41997500162707 /* Model */ = {
			isa = PBXGroup;
			children = (
				206F9E531F42DD1D00162707 /* AutoUser.swift */,
				208FDFB71F458F0400F9E298 /* Car.swift */,
			);
			name = Model;
			sourceTree = "<group>";
		};
		206F9E4C1F41997B00162707 /* Controller */ = {
			isa = PBXGroup;
			children = (
				206F9E551F42F16F00162707 /* AutoUsersViewController.swift */,
				206F9E5E1F442F1D00162707 /* NewUserTableViewController.swift */,
				20091DF11F482C3C0013DBAA /* ShowCarsTableViewController.swift */,
				206F9E631F444C4C00162707 /* CarsViewController.swift */,
			);
			name = Controller;
			sourceTree = "<group>";
		};
		206F9E4D1F41998400162707 /* SQLDatabase */ = {
			isa = PBXGroup;
			children = (
				206F9E4F1F419AD000162707 /* DatabaseManger.swift */,
			);
			name = SQLDatabase;
			sourceTree = "<group>";
		};
		206F9E571F42F7E800162707 /* Cell */ = {
			isa = PBXGroup;
			children = (
				206F9E581F42F80700162707 /* AutoUsersTableViewCell.swift */,
				206F9E591F42F80700162707 /* AutoUsersTableViewCell.xib */,
				208FDFB91F45991C00F9E298 /* CarTableViewCell.swift */,
				208FDFBA1F45991C00F9E298 /* CarTableViewCell.xib */,
				20091DF31F482FF10013DBAA /* ShowCarsTableViewCell.swift */,
				20091DF41F482FF10013DBAA /* ShowCarsTableViewCell.xib */,
				2063FEE41F49897B00921104 /* ProfileInfoTableViewCell.swift */,
				2063FEE51F49897B00921104 /* ProfileInfoTableViewCell.xib */,
				2063FEE81F49899700921104 /* AddUserCarsRowTableViewCell.swift */,
				2063FEE91F49899700921104 /* AddUserCarsRowTableViewCell.xib */,
			);
			name = Cell;
			sourceTree = "<group>";
		};
		206F9E601F4446C700162707 /* Helped Methods */ = {
			isa = PBXGroup;
			children = (
				206F9E611F4446F400162707 /* AlertMethods.swift */,
			);
			name = "Helped Methods";
			sourceTree = "<group>";
		};
		EB8A3FC150315A9D40482BF3 /* Pods */ = {
			isa = PBXGroup;
			children = (
				24517120976C4F32B2575F56 /* Pods-Auto-Application.debug.xcconfig */,
				B6A3F4B336F3B47FF267F2F0 /* Pods-Auto-Application.release.xcconfig */,
			);
			name = Pods;
			sourceTree = "<group>";
		};
		F57350A6BCC86F36BE31D18A /* Frameworks */ = {
			isa = PBXGroup;
			children = (
				C70C7BE87D700C7597E62D5E /* Pods_Auto_Application.framework */,
			);
			name = Frameworks;
			sourceTree = "<group>";
		};
/* End PBXGroup section */

/* Begin PBXNativeTarget section */
		200F51B91F4195D5002EB1EC /* Auto-Application */ = {
			isa = PBXNativeTarget;
			buildConfigurationList = 200F51CC1F4195D5002EB1EC /* Build configuration list for PBXNativeTarget "Auto-Application" */;
			buildPhases = (
				9B47181205237126D21D780E /* [CP] Check Pods Manifest.lock */,
				200F51B61F4195D5002EB1EC /* Sources */,
				200F51B71F4195D5002EB1EC /* Frameworks */,
				200F51B81F4195D5002EB1EC /* Resources */,
				2D1E4010147EC936B0EDF316 /* [CP] Embed Pods Frameworks */,
				6D0B460AFE198A09989C89D3 /* [CP] Copy Pods Resources */,
			);
			buildRules = (
			);
			dependencies = (
			);
			name = "Auto-Application";
			productName = "Auto-Application";
			productReference = 200F51BA1F4195D5002EB1EC /* Auto-Application.app */;
			productType = "com.apple.product-type.application";
		};
/* End PBXNativeTarget section */

/* Begin PBXProject section */
		200F51B21F4195D5002EB1EC /* Project object */ = {
			isa = PBXProject;
			attributes = {
				LastSwiftUpdateCheck = 0810;
				LastUpgradeCheck = 0810;
				ORGANIZATIONNAME = VLadymyrShorokhov;
				TargetAttributes = {
					200F51B91F4195D5002EB1EC = {
						CreatedOnToolsVersion = 8.1;
						DevelopmentTeam = ZS4WE4E828;
						ProvisioningStyle = Automatic;
					};
				};
			};
			buildConfigurationList = 200F51B51F4195D5002EB1EC /* Build configuration list for PBXProject "Auto-Application" */;
			compatibilityVersion = "Xcode 3.2";
			developmentRegion = English;
			hasScannedForEncodings = 0;
			knownRegions = (
				en,
				Base,
			);
			mainGroup = 200F51B11F4195D5002EB1EC;
			productRefGroup = 200F51BB1F4195D5002EB1EC /* Products */;
			projectDirPath = "";
			projectRoot = "";
			targets = (
				200F51B91F4195D5002EB1EC /* Auto-Application */,
			);
		};
/* End PBXProject section */

/* Begin PBXResourcesBuildPhase section */
		200F51B81F4195D5002EB1EC /* Resources */ = {
			isa = PBXResourcesBuildPhase;
			buildActionMask = 2147483647;
			files = (
				2063FEE71F49897B00921104 /* ProfileInfoTableViewCell.xib in Resources */,
				200F51C81F4195D5002EB1EC /* LaunchScreen.storyboard in Resources */,
				20091DF61F482FF10013DBAA /* ShowCarsTableViewCell.xib in Resources */,
				206F9E5B1F42F80700162707 /* AutoUsersTableViewCell.xib in Resources */,
				2063FEEB1F49899700921104 /* AddUserCarsRowTableViewCell.xib in Resources */,
				208FDFBC1F45991C00F9E298 /* CarTableViewCell.xib in Resources */,
				200F51C51F4195D5002EB1EC /* Assets.xcassets in Resources */,
				200F51C31F4195D5002EB1EC /* Main.storyboard in Resources */,
			);
			runOnlyForDeploymentPostprocessing = 0;
		};
/* End PBXResourcesBuildPhase section */

/* Begin PBXShellScriptBuildPhase section */
		2D1E4010147EC936B0EDF316 /* [CP] Embed Pods Frameworks */ = {
			isa = PBXShellScriptBuildPhase;
			buildActionMask = 2147483647;
			files = (
			);
			inputPaths = (
			);
			name = "[CP] Embed Pods Frameworks";
			outputPaths = (
			);
			runOnlyForDeploymentPostprocessing = 0;
			shellPath = /bin/sh;
			shellScript = "\"${SRCROOT}/Pods/Target Support Files/Pods-Auto-Application/Pods-Auto-Application-frameworks.sh\"\n";
			showEnvVarsInLog = 0;
		};
		6D0B460AFE198A09989C89D3 /* [CP] Copy Pods Resources */ = {
			isa = PBXShellScriptBuildPhase;
			buildActionMask = 2147483647;
			files = (
			);
			inputPaths = (
			);
			name = "[CP] Copy Pods Resources";
			outputPaths = (
			);
			runOnlyForDeploymentPostprocessing = 0;
			shellPath = /bin/sh;
			shellScript = "\"${SRCROOT}/Pods/Target Support Files/Pods-Auto-Application/Pods-Auto-Application-resources.sh\"\n";
			showEnvVarsInLog = 0;
		};
		9B47181205237126D21D780E /* [CP] Check Pods Manifest.lock */ = {
			isa = PBXShellScriptBuildPhase;
			buildActionMask = 2147483647;
			files = (
			);
			inputPaths = (
			);
			name = "[CP] Check Pods Manifest.lock";
			outputPaths = (
			);
			runOnlyForDeploymentPostprocessing = 0;
			shellPath = /bin/sh;
			shellScript = "diff \"${PODS_ROOT}/../Podfile.lock\" \"${PODS_ROOT}/Manifest.lock\" > /dev/null\nif [ $? != 0 ] ; then\n    # print error to STDERR\n    echo \"error: The sandbox is not in sync with the Podfile.lock. Run 'pod install' or update your CocoaPods installation.\" >&2\n    exit 1\nfi\n";
			showEnvVarsInLog = 0;
		};
/* End PBXShellScriptBuildPhase section */

/* Begin PBXSourcesBuildPhase section */
		200F51B61F4195D5002EB1EC /* Sources */ = {
			isa = PBXSourcesBuildPhase;
			buildActionMask = 2147483647;
			files = (
				206F9E501F419AD000162707 /* DatabaseManger.swift in Sources */,
				200F51BE1F4195D5002EB1EC /* AppDelegate.swift in Sources */,
				206F9E621F4446F400162707 /* AlertMethods.swift in Sources */,
				206F9E641F444C4C00162707 /* CarsViewController.swift in Sources */,
				208FDFBB1F45991C00F9E298 /* CarTableViewCell.swift in Sources */,
				206F9E5A1F42F80700162707 /* AutoUsersTableViewCell.swift in Sources */,
				208FDFB81F458F0400F9E298 /* Car.swift in Sources */,
				2063FEEA1F49899700921104 /* AddUserCarsRowTableViewCell.swift in Sources */,
				20091DF51F482FF10013DBAA /* ShowCarsTableViewCell.swift in Sources */,
				2063FEE61F49897B00921104 /* ProfileInfoTableViewCell.swift in Sources */,
				206F9E561F42F16F00162707 /* AutoUsersViewController.swift in Sources */,
				20091DF21F482C3C0013DBAA /* ShowCarsTableViewController.swift in Sources */,
				206F9E5F1F442F1D00162707 /* NewUserTableViewController.swift in Sources */,
				206F9E541F42DD1D00162707 /* AutoUser.swift in Sources */,
			);
			runOnlyForDeploymentPostprocessing = 0;
		};
/* End PBXSourcesBuildPhase section */

/* Begin PBXVariantGroup section */
		200F51C11F4195D5002EB1EC /* Main.storyboard */ = {
			isa = PBXVariantGroup;
			children = (
				200F51C21F4195D5002EB1EC /* Base */,
			);
			name = Main.storyboard;
			sourceTree = "<group>";
		};
		200F51C61F4195D5002EB1EC /* LaunchScreen.storyboard */ = {
			isa = PBXVariantGroup;
			children = (
				200F51C71F4195D5002EB1EC /* Base */,
			);
			name = LaunchScreen.storyboard;
			sourceTree = "<group>";
		};
/* End PBXVariantGroup section */

/* Begin XCBuildConfiguration section */
		200F51CA1F4195D5002EB1EC /* Debug */ = {
			isa = XCBuildConfiguration;
			buildSettings = {
				ALWAYS_SEARCH_USER_PATHS = NO;
				CLANG_ANALYZER_NONNULL = YES;
				CLANG_CXX_LANGUAGE_STANDARD = "gnu++0x";
				CLANG_CXX_LIBRARY = "libc++";
				CLANG_ENABLE_MODULES = YES;
				CLANG_ENABLE_OBJC_ARC = YES;
				CLANG_WARN_BOOL_CONVERSION = YES;
				CLANG_WARN_CONSTANT_CONVERSION = YES;
				CLANG_WARN_DIRECT_OBJC_ISA_USAGE = YES_ERROR;
				CLANG_WARN_DOCUMENTATION_COMMENTS = YES;
				CLANG_WARN_EMPTY_BODY = YES;
				CLANG_WARN_ENUM_CONVERSION = YES;
				CLANG_WARN_INFINITE_RECURSION = YES;
				CLANG_WARN_INT_CONVERSION = YES;
				CLANG_WARN_OBJC_ROOT_CLASS = YES_ERROR;
				CLANG_WARN_SUSPICIOUS_MOVE = YES;
				CLANG_WARN_SUSPICIOUS_MOVES = YES;
				CLANG_WARN_UNREACHABLE_CODE = YES;
				CLANG_WARN__DUPLICATE_METHOD_MATCH = YES;
				"CODE_SIGN_IDENTITY[sdk=iphoneos*]" = "iPhone Developer";
				COPY_PHASE_STRIP = NO;
				DEBUG_INFORMATION_FORMAT = dwarf;
				ENABLE_STRICT_OBJC_MSGSEND = YES;
				ENABLE_TESTABILITY = YES;
				GCC_C_LANGUAGE_STANDARD = gnu99;
				GCC_DYNAMIC_NO_PIC = NO;
				GCC_NO_COMMON_BLOCKS = YES;
				GCC_OPTIMIZATION_LEVEL = 0;
				GCC_PREPROCESSOR_DEFINITIONS = (
					"DEBUG=1",
					"$(inherited)",
				);
				GCC_WARN_64_TO_32_BIT_CONVERSION = YES;
				GCC_WARN_ABOUT_RETURN_TYPE = YES_ERROR;
				GCC_WARN_UNDECLARED_SELECTOR = YES;
				GCC_WARN_UNINITIALIZED_AUTOS = YES_AGGRESSIVE;
				GCC_WARN_UNUSED_FUNCTION = YES;
				GCC_WARN_UNUSED_VARIABLE = YES;
				IPHONEOS_DEPLOYMENT_TARGET = 10.1;
				MTL_ENABLE_DEBUG_INFO = YES;
				ONLY_ACTIVE_ARCH = YES;
				SDKROOT = iphoneos;
				SWIFT_ACTIVE_COMPILATION_CONDITIONS = DEBUG;
				SWIFT_OPTIMIZATION_LEVEL = "-Onone";
			};
			name = Debug;
		};
		200F51CB1F4195D5002EB1EC /* Release */ = {
			isa = XCBuildConfiguration;
			buildSettings = {
				ALWAYS_SEARCH_USER_PATHS = NO;
				CLANG_ANALYZER_NONNULL = YES;
				CLANG_CXX_LANGUAGE_STANDARD = "gnu++0x";
				CLANG_CXX_LIBRARY = "libc++";
				CLANG_ENABLE_MODULES = YES;
				CLANG_ENABLE_OBJC_ARC = YES;
				CLANG_WARN_BOOL_CONVERSION = YES;
				CLANG_WARN_CONSTANT_CONVERSION = YES;
				CLANG_WARN_DIRECT_OBJC_ISA_USAGE = YES_ERROR;
				CLANG_WARN_DOCUMENTATION_COMMENTS = YES;
				CLANG_WARN_EMPTY_BODY = YES;
				CLANG_WARN_ENUM_CONVERSION = YES;
				CLANG_WARN_INFINITE_RECURSION = YES;
				CLANG_WARN_INT_CONVERSION = YES;
				CLANG_WARN_OBJC_ROOT_CLASS = YES_ERROR;
				CLANG_WARN_SUSPICIOUS_MOVE = YES;
				CLANG_WARN_SUSPICIOUS_MOVES = YES;
				CLANG_WARN_UNREACHABLE_CODE = YES;
				CLANG_WARN__DUPLICATE_METHOD_MATCH = YES;
				"CODE_SIGN_IDENTITY[sdk=iphoneos*]" = "iPhone Developer";
				COPY_PHASE_STRIP = NO;
				DEBUG_INFORMATION_FORMAT = "dwarf-with-dsym";
				ENABLE_NS_ASSERTIONS = NO;
				ENABLE_STRICT_OBJC_MSGSEND = YES;
				GCC_C_LANGUAGE_STANDARD = gnu99;
				GCC_NO_COMMON_BLOCKS = YES;
				GCC_WARN_64_TO_32_BIT_CONVERSION = YES;
				GCC_WARN_ABOUT_RETURN_TYPE = YES_ERROR;
				GCC_WARN_UNDECLARED_SELECTOR = YES;
				GCC_WARN_UNINITIALIZED_AUTOS = YES_AGGRESSIVE;
				GCC_WARN_UNUSED_FUNCTION = YES;
				GCC_WARN_UNUSED_VARIABLE = YES;
				IPHONEOS_DEPLOYMENT_TARGET = 10.1;
				MTL_ENABLE_DEBUG_INFO = NO;
				SDKROOT = iphoneos;
				SWIFT_OPTIMIZATION_LEVEL = "-Owholemodule";
				VALIDATE_PRODUCT = YES;
			};
			name = Release;
		};
		200F51CD1F4195D5002EB1EC /* Debug */ = {
			isa = XCBuildConfiguration;
			baseConfigurationReference = 24517120976C4F32B2575F56 /* Pods-Auto-Application.debug.xcconfig */;
			buildSettings = {
				ASSETCATALOG_COMPILER_APPICON_NAME = AppIcon;
				DEVELOPMENT_TEAM = ZS4WE4E828;
				INFOPLIST_FILE = "Auto-Application/Info.plist";
				LD_RUNPATH_SEARCH_PATHS = "$(inherited) @executable_path/Frameworks";
				PRODUCT_BUNDLE_IDENTIFIER = "VS.Auto-Application";
				PRODUCT_NAME = "$(TARGET_NAME)";
				SWIFT_VERSION = 3.0;
			};
			name = Debug;
		};
		200F51CE1F4195D5002EB1EC /* Release */ = {
			isa = XCBuildConfiguration;
			baseConfigurationReference = B6A3F4B336F3B47FF267F2F0 /* Pods-Auto-Application.release.xcconfig */;
			buildSettings = {
				ASSETCATALOG_COMPILER_APPICON_NAME = AppIcon;
				DEVELOPMENT_TEAM = ZS4WE4E828;
				INFOPLIST_FILE = "Auto-Application/Info.plist";
				LD_RUNPATH_SEARCH_PATHS = "$(inherited) @executable_path/Frameworks";
				PRODUCT_BUNDLE_IDENTIFIER = "VS.Auto-Application";
				PRODUCT_NAME = "$(TARGET_NAME)";
				SWIFT_VERSION = 3.0;
			};
			name = Release;
		};
/* End XCBuildConfiguration section */

/* Begin XCConfigurationList section */
		200F51B51F4195D5002EB1EC /* Build configuration list for PBXProject "Auto-Application" */ = {
			isa = XCConfigurationList;
			buildConfigurations = (
				200F51CA1F4195D5002EB1EC /* Debug */,
				200F51CB1F4195D5002EB1EC /* Release */,
			);
			defaultConfigurationIsVisible = 0;
			defaultConfigurationName = Release;
		};
		200F51CC1F4195D5002EB1EC /* Build configuration list for PBXNativeTarget "Auto-Application" */ = {
			isa = XCConfigurationList;
			buildConfigurations = (
				200F51CD1F4195D5002EB1EC /* Debug */,
				200F51CE1F4195D5002EB1EC /* Release */,
			);
			defaultConfigurationIsVisible = 0;
			defaultConfigurationName = Release;
		};
/* End XCConfigurationList section */
	};
	rootObject = 200F51B21F4195D5002EB1EC /* Project object */;
}
